
Microsoft Visual Studio Solution File, Format Version 12.00
# Visual Studio Version 17
VisualStudioVersion = 17.0.32014.148
MinimumVisualStudioVersion = 10.0.40219.1
Project("{9A19103F-16F7-4668-BE54-9A1E7A4F7556}") = "LinkBE", "LinkBE.csproj", "{8AF1CE16-FB11-4B76-BF47-611E4A67E082}"
EndProject
Project("{9A19103F-16F7-4668-BE54-9A1E7A4F7556}") = "Linker", "..\Linker\Linker.csproj", "{FBCFF8D0-F6A2-4AE2-BAA5-9CF92241BE8F}"
EndProject
Project("{9A19103F-16F7-4668-BE54-9A1E7A4F7556}") = "Language", "..\Language\Language.csproj", "{B0AFAEBA-04C8-4238-8D4A-95FCD220F110}"
EndProject
Project("{9A19103F-16F7-4668-BE54-9A1E7A4F7556}") = "Object", "..\Object\Object.csproj", "{08B65840-0E96-423E-81E3-755FCC5E45AF}"
EndProject
Project("{9A19103F-16F7-4668-BE54-9A1E7A4F7556}") = "Library", "..\Library\Library.csproj", "{005BD4EE-8FBA-4891-9CDF-C31C7D5C6B9E}"
EndProject
Global
	GlobalSection(SolutionConfigurationPlatforms) = preSolution
		Debug|Any CPU = Debug|Any CPU
		Release|Any CPU = Release|Any CPU
	EndGlobalSection
	GlobalSection(ProjectConfigurationPlatforms) = postSolution
		{8AF1CE16-FB11-4B76-BF47-611E4A67E082}.Debug|Any CPU.ActiveCfg = Debug|Any CPU
		{8AF1CE16-FB11-4B76-BF47-611E4A67E082}.Debug|Any CPU.Build.0 = Debug|Any CPU
		{8AF1CE16-FB11-4B76-BF47-611E4A67E082}.Release|Any CPU.ActiveCfg = Release|Any CPU
		{8AF1CE16-FB11-4B76-BF47-611E4A67E082}.Release|Any CPU.Build.0 = Release|Any CPU
		{FBCFF8D0-F6A2-4AE2-BAA5-9CF92241BE8F}.Debug|Any CPU.ActiveCfg = Debug|Any CPU
		{FBCFF8D0-F6A2-4AE2-BAA5-9CF92241BE8F}.Debug|Any CPU.Build.0 = Debug|Any CPU
		{FBCFF8D0-F6A2-4AE2-BAA5-9CF92241BE8F}.Release|Any CPU.ActiveCfg = Release|Any CPU
		{FBCFF8D0-F6A2-4AE2-BAA5-9CF92241BE8F}.Release|Any CPU.Build.0 = Release|Any CPU
		{B0AFAEBA-04C8-4238-8D4A-95FCD220F110}.Debug|Any CPU.ActiveCfg = Debug|Any CPU
		{B0AFAEBA-04C8-4238-8D4A-95FCD220F110}.Debug|Any CPU.Build.0 = Debug|Any CPU
		{B0AFAEBA-04C8-4238-8D4A-95FCD220F110}.Release|Any CPU.ActiveCfg = Release|Any CPU
		{B0AFAEBA-04C8-4238-8D4A-95FCD220F110}.Release|Any CPU.Build.0 = Release|Any CPU
		{08B65840-0E96-423E-81E3-755FCC5E45AF}.Debug|Any CPU.ActiveCfg = Debug|Any CPU
		{08B65840-0E96-423E-81E3-755FCC5E45AF}.Debug|Any CPU.Build.0 = Debug|Any CPU
		{08B65840-0E96-423E-81E3-755FCC5E45AF}.Release|Any CPU.ActiveCfg = Release|Any CPU
		{08B65840-0E96-423E-81E3-755FCC5E45AF}.Release|Any CPU.Build.0 = Release|Any CPU
		{005BD4EE-8FBA-4891-9CDF-C31C7D5C6B9E}.Debug|Any CPU.ActiveCfg = Debug|Any CPU
		{005BD4EE-8FBA-4891-9CDF-C31C7D5C6B9E}.Debug|Any CPU.Build.0 = Debug|Any CPU
		{005BD4EE-8FBA-4891-9CDF-C31C7D5C6B9E}.Release|Any CPU.ActiveCfg = Release|Any CPU
		{005BD4EE-8FBA-4891-9CDF-C31C7D5C6B9E}.Release|Any CPU.Build.0 = Release|Any CPU
	EndGlobalSection
	GlobalSection(SolutionProperties) = preSolution
		HideSolutionNode = FALSE
	EndGlobalSection
	GlobalSection(ExtensibilityGlobals) = postSolution
		SolutionGuid = {298CF117-277A-4241-89FF-15661D360852}
	EndGlobalSection
EndGlobal
