
Microsoft Visual Studio Solution File, Format Version 12.00
# Visual Studio Version 17
VisualStudioVersion = 17.0.32014.148
MinimumVisualStudioVersion = 10.0.40219.1
Project("{9A19103F-16F7-4668-BE54-9A1E7A4F7556}") = "Asm68", "Asm68.csproj", "{6E36741D-A39B-4F38-B203-9C83E6667B39}"
EndProject
Project("{9A19103F-16F7-4668-BE54-9A1E7A4F7556}") = "Assembler", "..\Assembler\Assembler.csproj", "{3716B3FB-A6CE-469C-A558-4B8941FF55A8}"
EndProject
Project("{9A19103F-16F7-4668-BE54-9A1E7A4F7556}") = "Language", "..\Language\Language.csproj", "{074A09E3-E6C7-4024-95D9-D304396DF53C}"
EndProject
Project("{9A19103F-16F7-4668-BE54-9A1E7A4F7556}") = "Object", "..\Object\Object.csproj", "{6A0B70E4-BE1C-4BD4-AC8A-3389E08AD6F0}"
EndProject
Global
	GlobalSection(SolutionConfigurationPlatforms) = preSolution
		Debug|Any CPU = Debug|Any CPU
		Release|Any CPU = Release|Any CPU
	EndGlobalSection
	GlobalSection(ProjectConfigurationPlatforms) = postSolution
		{6E36741D-A39B-4F38-B203-9C83E6667B39}.Debug|Any CPU.ActiveCfg = Debug|Any CPU
		{6E36741D-A39B-4F38-B203-9C83E6667B39}.Debug|Any CPU.Build.0 = Debug|Any CPU
		{6E36741D-A39B-4F38-B203-9C83E6667B39}.Release|Any CPU.ActiveCfg = Release|Any CPU
		{6E36741D-A39B-4F38-B203-9C83E6667B39}.Release|Any CPU.Build.0 = Release|Any CPU
		{3716B3FB-A6CE-469C-A558-4B8941FF55A8}.Debug|Any CPU.ActiveCfg = Debug|Any CPU
		{3716B3FB-A6CE-469C-A558-4B8941FF55A8}.Debug|Any CPU.Build.0 = Debug|Any CPU
		{3716B3FB-A6CE-469C-A558-4B8941FF55A8}.Release|Any CPU.ActiveCfg = Release|Any CPU
		{3716B3FB-A6CE-469C-A558-4B8941FF55A8}.Release|Any CPU.Build.0 = Release|Any CPU
		{074A09E3-E6C7-4024-95D9-D304396DF53C}.Debug|Any CPU.ActiveCfg = Debug|Any CPU
		{074A09E3-E6C7-4024-95D9-D304396DF53C}.Debug|Any CPU.Build.0 = Debug|Any CPU
		{074A09E3-E6C7-4024-95D9-D304396DF53C}.Release|Any CPU.ActiveCfg = Release|Any CPU
		{074A09E3-E6C7-4024-95D9-D304396DF53C}.Release|Any CPU.Build.0 = Release|Any CPU
		{6A0B70E4-BE1C-4BD4-AC8A-3389E08AD6F0}.Debug|Any CPU.ActiveCfg = Debug|Any CPU
		{6A0B70E4-BE1C-4BD4-AC8A-3389E08AD6F0}.Debug|Any CPU.Build.0 = Debug|Any CPU
		{6A0B70E4-BE1C-4BD4-AC8A-3389E08AD6F0}.Release|Any CPU.ActiveCfg = Release|Any CPU
		{6A0B70E4-BE1C-4BD4-AC8A-3389E08AD6F0}.Release|Any CPU.Build.0 = Release|Any CPU
	EndGlobalSection
	GlobalSection(SolutionProperties) = preSolution
		HideSolutionNode = FALSE
	EndGlobalSection
	GlobalSection(ExtensibilityGlobals) = postSolution
		SolutionGuid = {BC08B840-FC88-4BE1-AC5B-A40B9E47BF7E}
	EndGlobalSection
EndGlobal
