
Microsoft Visual Studio Solution File, Format Version 12.00
# Visual Studio Version 16
VisualStudioVersion = 16.0.31729.503
MinimumVisualStudioVersion = 10.0.40219.1
Project("{FAE04EC0-301F-11D3-BF4B-00C04F79EFBC}") = "LinkLE", "LinkLE.csproj", "{4DDFF9B1-C8A6-4F3D-B3E5-1715CF807969}"
EndProject
Project("{FAE04EC0-301F-11D3-BF4B-00C04F79EFBC}") = "Linker", "..\Linker\Linker.csproj", "{A25C69A4-7A67-4C79-922E-78E7B63F2DC0}"
EndProject
Project("{9A19103F-16F7-4668-BE54-9A1E7A4F7556}") = "Assembler", "..\Assembler\Assembler.csproj", "{F8E49EC5-B6AC-4FFF-93E4-46F3AB435BB5}"
EndProject
Project("{9A19103F-16F7-4668-BE54-9A1E7A4F7556}") = "Language", "..\Language\Language.csproj", "{F80659D8-E4A0-4166-B905-F2F4E198EC9F}"
EndProject
Project("{9A19103F-16F7-4668-BE54-9A1E7A4F7556}") = "Library", "..\Library\Library.csproj", "{6E7E521D-CCF3-4206-B366-A77160703BE0}"
EndProject
Project("{9A19103F-16F7-4668-BE54-9A1E7A4F7556}") = "Object", "..\Object\Object.csproj", "{A2965068-3241-4F83-A2D5-2D93CFD27821}"
EndProject
Global
	GlobalSection(SolutionConfigurationPlatforms) = preSolution
		Debug|Any CPU = Debug|Any CPU
		Release|Any CPU = Release|Any CPU
	EndGlobalSection
	GlobalSection(ProjectConfigurationPlatforms) = postSolution
		{4DDFF9B1-C8A6-4F3D-B3E5-1715CF807969}.Debug|Any CPU.ActiveCfg = Debug|Any CPU
		{4DDFF9B1-C8A6-4F3D-B3E5-1715CF807969}.Debug|Any CPU.Build.0 = Debug|Any CPU
		{4DDFF9B1-C8A6-4F3D-B3E5-1715CF807969}.Release|Any CPU.ActiveCfg = Release|Any CPU
		{4DDFF9B1-C8A6-4F3D-B3E5-1715CF807969}.Release|Any CPU.Build.0 = Release|Any CPU
		{A25C69A4-7A67-4C79-922E-78E7B63F2DC0}.Debug|Any CPU.ActiveCfg = Debug|Any CPU
		{A25C69A4-7A67-4C79-922E-78E7B63F2DC0}.Debug|Any CPU.Build.0 = Debug|Any CPU
		{A25C69A4-7A67-4C79-922E-78E7B63F2DC0}.Release|Any CPU.ActiveCfg = Release|Any CPU
		{A25C69A4-7A67-4C79-922E-78E7B63F2DC0}.Release|Any CPU.Build.0 = Release|Any CPU
		{F8E49EC5-B6AC-4FFF-93E4-46F3AB435BB5}.Debug|Any CPU.ActiveCfg = Debug|Any CPU
		{F8E49EC5-B6AC-4FFF-93E4-46F3AB435BB5}.Debug|Any CPU.Build.0 = Debug|Any CPU
		{F8E49EC5-B6AC-4FFF-93E4-46F3AB435BB5}.Release|Any CPU.ActiveCfg = Release|Any CPU
		{F8E49EC5-B6AC-4FFF-93E4-46F3AB435BB5}.Release|Any CPU.Build.0 = Release|Any CPU
		{F80659D8-E4A0-4166-B905-F2F4E198EC9F}.Debug|Any CPU.ActiveCfg = Debug|Any CPU
		{F80659D8-E4A0-4166-B905-F2F4E198EC9F}.Debug|Any CPU.Build.0 = Debug|Any CPU
		{F80659D8-E4A0-4166-B905-F2F4E198EC9F}.Release|Any CPU.ActiveCfg = Release|Any CPU
		{F80659D8-E4A0-4166-B905-F2F4E198EC9F}.Release|Any CPU.Build.0 = Release|Any CPU
		{6E7E521D-CCF3-4206-B366-A77160703BE0}.Debug|Any CPU.ActiveCfg = Debug|Any CPU
		{6E7E521D-CCF3-4206-B366-A77160703BE0}.Debug|Any CPU.Build.0 = Debug|Any CPU
		{6E7E521D-CCF3-4206-B366-A77160703BE0}.Release|Any CPU.ActiveCfg = Release|Any CPU
		{6E7E521D-CCF3-4206-B366-A77160703BE0}.Release|Any CPU.Build.0 = Release|Any CPU
		{A2965068-3241-4F83-A2D5-2D93CFD27821}.Debug|Any CPU.ActiveCfg = Debug|Any CPU
		{A2965068-3241-4F83-A2D5-2D93CFD27821}.Debug|Any CPU.Build.0 = Debug|Any CPU
		{A2965068-3241-4F83-A2D5-2D93CFD27821}.Release|Any CPU.ActiveCfg = Release|Any CPU
		{A2965068-3241-4F83-A2D5-2D93CFD27821}.Release|Any CPU.Build.0 = Release|Any CPU
	EndGlobalSection
	GlobalSection(SolutionProperties) = preSolution
		HideSolutionNode = FALSE
	EndGlobalSection
	GlobalSection(ExtensibilityGlobals) = postSolution
		SolutionGuid = {CEDEFDA2-0345-47BE-88EF-D48DD2B19A9C}
	EndGlobalSection
EndGlobal
