
Microsoft Visual Studio Solution File, Format Version 12.00
# Visual Studio Version 17
VisualStudioVersion = 17.1.32414.318
MinimumVisualStudioVersion = 10.0.40219.1
Project("{FAE04EC0-301F-11D3-BF4B-00C04F79EFBC}") = "Asm86", "Asm86.csproj", "{27757417-5E93-471E-AA26-729C991174C9}"
EndProject
Project("{9A19103F-16F7-4668-BE54-9A1E7A4F7556}") = "Assembler", "..\Assembler\Assembler.csproj", "{CE41E6CE-B565-4419-8C4B-F5B79C50F0B7}"
EndProject
Project("{9A19103F-16F7-4668-BE54-9A1E7A4F7556}") = "Language", "..\Language\Language.csproj", "{C706B380-9D47-4E6A-AFBF-2280AFAA9569}"
EndProject
Project("{9A19103F-16F7-4668-BE54-9A1E7A4F7556}") = "Object", "..\Object\Object.csproj", "{C536C5E3-CDE5-4D73-BFFF-B8A9F6291398}"
EndProject
Global
	GlobalSection(SolutionConfigurationPlatforms) = preSolution
		Debug|Any CPU = Debug|Any CPU
		Release|Any CPU = Release|Any CPU
	EndGlobalSection
	GlobalSection(ProjectConfigurationPlatforms) = postSolution
		{27757417-5E93-471E-AA26-729C991174C9}.Debug|Any CPU.ActiveCfg = Debug|Any CPU
		{27757417-5E93-471E-AA26-729C991174C9}.Debug|Any CPU.Build.0 = Debug|Any CPU
		{27757417-5E93-471E-AA26-729C991174C9}.Release|Any CPU.ActiveCfg = Release|Any CPU
		{27757417-5E93-471E-AA26-729C991174C9}.Release|Any CPU.Build.0 = Release|Any CPU
		{CE41E6CE-B565-4419-8C4B-F5B79C50F0B7}.Debug|Any CPU.ActiveCfg = Debug|Any CPU
		{CE41E6CE-B565-4419-8C4B-F5B79C50F0B7}.Debug|Any CPU.Build.0 = Debug|Any CPU
		{CE41E6CE-B565-4419-8C4B-F5B79C50F0B7}.Release|Any CPU.ActiveCfg = Release|Any CPU
		{CE41E6CE-B565-4419-8C4B-F5B79C50F0B7}.Release|Any CPU.Build.0 = Release|Any CPU
		{C706B380-9D47-4E6A-AFBF-2280AFAA9569}.Debug|Any CPU.ActiveCfg = Debug|Any CPU
		{C706B380-9D47-4E6A-AFBF-2280AFAA9569}.Debug|Any CPU.Build.0 = Debug|Any CPU
		{C706B380-9D47-4E6A-AFBF-2280AFAA9569}.Release|Any CPU.ActiveCfg = Release|Any CPU
		{C706B380-9D47-4E6A-AFBF-2280AFAA9569}.Release|Any CPU.Build.0 = Release|Any CPU
		{C536C5E3-CDE5-4D73-BFFF-B8A9F6291398}.Debug|Any CPU.ActiveCfg = Debug|Any CPU
		{C536C5E3-CDE5-4D73-BFFF-B8A9F6291398}.Debug|Any CPU.Build.0 = Debug|Any CPU
		{C536C5E3-CDE5-4D73-BFFF-B8A9F6291398}.Release|Any CPU.ActiveCfg = Release|Any CPU
		{C536C5E3-CDE5-4D73-BFFF-B8A9F6291398}.Release|Any CPU.Build.0 = Release|Any CPU
	EndGlobalSection
	GlobalSection(SolutionProperties) = preSolution
		HideSolutionNode = FALSE
	EndGlobalSection
	GlobalSection(ExtensibilityGlobals) = postSolution
		SolutionGuid = {8742DC57-D832-4D75-BF96-C0E3931DECBF}
	EndGlobalSection
EndGlobal
